
Microsoft Visual Studio Solution File, Format Version 12.00
# Visual Studio Version 17
VisualStudioVersion = 17.6.33815.320
MinimumVisualStudioVersion = 10.0.40219.1
Project("{9A19103F-16F7-4668-BE54-9A1E7A4F7556}") = "MPP", "MPP\MPP.csproj", "{B6C8B126-7E07-46CF-B2A7-91058D69FE9A}"
EndProject
Project("{2150E333-8FDC-42A3-9474-1A3956D46DE8}") = "MPP-DAL", "MPP-DAL", "{82481819-139B-41CB-864E-62940E403CB4}"
EndProject
Project("{2150E333-8FDC-42A3-9474-1A3956D46DE8}") = "MPP-Model", "MPP-Model", "{68DABEF1-D67E-4FB6-8378-EAC1C5E8793E}"
EndProject
Project("{9A19103F-16F7-4668-BE54-9A1E7A4F7556}") = "Model", "Model\Model.csproj", "{D5E40345-5E8B-43ED-AB48-6B977AB10FFD}"
EndProject
Project("{9A19103F-16F7-4668-BE54-9A1E7A4F7556}") = "DAL", "DAL\DAL.csproj", "{9C91A55D-A19D-49B0-B519-B475AC3D03C1}"
EndProject
Global
	GlobalSection(SolutionConfigurationPlatforms) = preSolution
		Debug|Any CPU = Debug|Any CPU
		Release|Any CPU = Release|Any CPU
	EndGlobalSection
	GlobalSection(ProjectConfigurationPlatforms) = postSolution
		{B6C8B126-7E07-46CF-B2A7-91058D69FE9A}.Debug|Any CPU.ActiveCfg = Debug|Any CPU
		{B6C8B126-7E07-46CF-B2A7-91058D69FE9A}.Debug|Any CPU.Build.0 = Debug|Any CPU
		{B6C8B126-7E07-46CF-B2A7-91058D69FE9A}.Release|Any CPU.ActiveCfg = Release|Any CPU
		{B6C8B126-7E07-46CF-B2A7-91058D69FE9A}.Release|Any CPU.Build.0 = Release|Any CPU
		{D5E40345-5E8B-43ED-AB48-6B977AB10FFD}.Debug|Any CPU.ActiveCfg = Debug|Any CPU
		{D5E40345-5E8B-43ED-AB48-6B977AB10FFD}.Debug|Any CPU.Build.0 = Debug|Any CPU
		{D5E40345-5E8B-43ED-AB48-6B977AB10FFD}.Release|Any CPU.ActiveCfg = Release|Any CPU
		{D5E40345-5E8B-43ED-AB48-6B977AB10FFD}.Release|Any CPU.Build.0 = Release|Any CPU
		{9C91A55D-A19D-49B0-B519-B475AC3D03C1}.Debug|Any CPU.ActiveCfg = Debug|Any CPU
		{9C91A55D-A19D-49B0-B519-B475AC3D03C1}.Debug|Any CPU.Build.0 = Debug|Any CPU
		{9C91A55D-A19D-49B0-B519-B475AC3D03C1}.Release|Any CPU.ActiveCfg = Release|Any CPU
		{9C91A55D-A19D-49B0-B519-B475AC3D03C1}.Release|Any CPU.Build.0 = Release|Any CPU
	EndGlobalSection
	GlobalSection(SolutionProperties) = preSolution
		HideSolutionNode = FALSE
	EndGlobalSection
	GlobalSection(NestedProjects) = preSolution
		{D5E40345-5E8B-43ED-AB48-6B977AB10FFD} = {68DABEF1-D67E-4FB6-8378-EAC1C5E8793E}
		{9C91A55D-A19D-49B0-B519-B475AC3D03C1} = {82481819-139B-41CB-864E-62940E403CB4}
	EndGlobalSection
	GlobalSection(ExtensibilityGlobals) = postSolution
		SolutionGuid = {EE522E79-8347-4B0E-BDF2-AABF7745C739}
	EndGlobalSection
EndGlobal
